
Microsoft Visual Studio Solution File, Format Version 12.00
# Visual Studio Version 17
VisualStudioVersion = 17.0.32014.148
MinimumVisualStudioVersion = 10.0.40219.1
Project("{FAE04EC0-301F-11D3-BF4B-00C04F79EFBC}") = "ECommerce.API", "ECommerce.API\ECommerce.API.csproj", "{FDF39C2F-8780-4781-9DBA-10F893E08193}"
EndProject
Global
	GlobalSection(SolutionConfigurationPlatforms) = preSolution
		Debug|Any CPU = Debug|Any CPU
		Release|Any CPU = Release|Any CPU
	EndGlobalSection
	GlobalSection(ProjectConfigurationPlatforms) = postSolution
		{FDF39C2F-8780-4781-9DBA-10F893E08193}.Debug|Any CPU.ActiveCfg = Debug|Any CPU
		{FDF39C2F-8780-4781-9DBA-10F893E08193}.Debug|Any CPU.Build.0 = Debug|Any CPU
		{FDF39C2F-8780-4781-9DBA-10F893E08193}.Release|Any CPU.ActiveCfg = Release|Any CPU
		{FDF39C2F-8780-4781-9DBA-10F893E08193}.Release|Any CPU.Build.0 = Release|Any CPU
	EndGlobalSection
	GlobalSection(SolutionProperties) = preSolution
		HideSolutionNode = FALSE
	EndGlobalSection
	GlobalSection(ExtensibilityGlobals) = postSolution
		SolutionGuid = {4C3D8D7D-C1A4-4401-AB01-1A1186BBB2D8}
	EndGlobalSection
EndGlobal
